{
  "name": "docx2pdf",
  "version": "1.0.0",
  "lockfileVersion": 3,
  "requires": true,
  "packages": {
    "": {
      "name": "docx2pdf",
      "version": "1.0.0",
      "license": "ISC",
      "dependencies": {
        "docx2pdf-converter": "^2.1.1"
      }
    },
    "node_modules/adm-zip": {
      "version": "0.5.16",
      "resolved": "https://registry.npmjs.org/adm-zip/-/adm-zip-0.5.16.tgz",
      "integrity": "sha512-TGw5yVi4saajsSEgz25grObGHEUaDrniwvA2qwSC060KfqGPdglhvPMA2lPIoxs3PQIItj2iag35fONcQqgUaQ==",
      "license": "MIT",
      "engines": {
        "node": ">=12.0"
      }
    },
    "node_modules/docx2pdf-converter": {
      "version": "2.1.1",
      "resolved": "https://registry.npmjs.org/docx2pdf-converter/-/docx2pdf-converter-2.1.1.tgz",
      "integrity": "sha512-XUxY4D6HGuWVdOXuEygko1TyA1y2vejqY6iv7KrKT2St99UxreokeP/ic70XcGQuZRXTwWo5GY0haiq9HCHU4Q==",
      "license": "ISC",
      "dependencies": {
        "adm-zip": "^0.5.16"
      }
    }
  }
}
